{
  "name": "carts",
  "version": "0.0.0",
  "lockfileVersion": 3,
  "requires": true,
  "packages": {
    "": {
      "name": "carts",
      "version": "0.0.0",
      "license": "MIT",
      "devDependencies": {
        "assemblyscript": "^0.26.2"
      }
    },
    "node_modules/assemblyscript": {
      "version": "0.26.2",
      "resolved": "https://registry.npmjs.org/assemblyscript/-/assemblyscript-0.26.2.tgz",
      "integrity": "sha512-pIklgKapk/VV+Qg3JjaSWRm2J2mzcU1qukipcE/OXQ/NzkbjzzuosTjH1bHmvMXP3SV+Kys/TzkBnxSKicUblw==",
      "dev": true,
      "dependencies": {
        "binaryen": "111.0.0-nightly.20230111",
        "long": "^5.2.0"
      },
      "bin": {
        "asc": "bin/asc.js",
        "asinit": "bin/asinit.js"
      },
      "engines": {
        "node": ">=16.0.0",
        "npm": ">=7.0.0"
      },
      "funding": {
        "type": "opencollective",
        "url": "https://opencollective.com/assemblyscript"
      }
    },
    "node_modules/binaryen": {
      "version": "111.0.0-nightly.20230111",
      "resolved": "https://registry.npmjs.org/binaryen/-/binaryen-111.0.0-nightly.20230111.tgz",
      "integrity": "sha512-CUEED/yMHoGeGnOZhQJW5+Luf5z/F58PHK5lw2feh5fbbqauodgnxyYkc2oxSjYwHHRCmFmaYyeQH4zlhRbebg==",
      "dev": true,
      "bin": {
        "wasm-opt": "bin/wasm-opt",
        "wasm2js": "bin/wasm2js"
      }
    },
    "node_modules/long": {
      "version": "5.2.1",
      "resolved": "https://registry.npmjs.org/long/-/long-5.2.1.tgz",
      "integrity": "sha512-GKSNGeNAtw8IryjjkhZxuKB3JzlcLTwjtiQCHKvqQet81I93kXslhDQruGI/QsddO83mcDToBVy7GqGS/zYf/A==",
      "dev": true
    }
  }
}
